
Microsoft Visual Studio Solution File, Format Version 12.00
# Visual Studio Version 17
VisualStudioVersion = 17.5.002.0
MinimumVisualStudioVersion = 10.0.40219.1
Project("{9A19103F-16F7-4668-BE54-9A1E7A4F7556}") = "chartr.api", "chartr.api.csproj", "{54056C3B-D921-4C13-B2B5-98E4314881E1}"
EndProject
Global
	GlobalSection(SolutionConfigurationPlatforms) = preSolution
		Debug|Any CPU = Debug|Any CPU
		Release|Any CPU = Release|Any CPU
	EndGlobalSection
	GlobalSection(ProjectConfigurationPlatforms) = postSolution
		{54056C3B-D921-4C13-B2B5-98E4314881E1}.Debug|Any CPU.ActiveCfg = Debug|Any CPU
		{54056C3B-D921-4C13-B2B5-98E4314881E1}.Debug|Any CPU.Build.0 = Debug|Any CPU
		{54056C3B-D921-4C13-B2B5-98E4314881E1}.Release|Any CPU.ActiveCfg = Release|Any CPU
		{54056C3B-D921-4C13-B2B5-98E4314881E1}.Release|Any CPU.Build.0 = Release|Any CPU
	EndGlobalSection
	GlobalSection(SolutionProperties) = preSolution
		HideSolutionNode = FALSE
	EndGlobalSection
	GlobalSection(ExtensibilityGlobals) = postSolution
		SolutionGuid = {A8B1E1AF-405F-4294-8135-BF6971BF2ABE}
	EndGlobalSection
EndGlobal
